
Microsoft Visual Studio Solution File, Format Version 12.00
# Visual Studio 15
VisualStudioVersion = 15.0.28307.329
MinimumVisualStudioVersion = 10.0.40219.1
Project("{FAE04EC0-301F-11D3-BF4B-00C04F79EFBC}") = "PruebaGit", "PruebaGit\PruebaGit.csproj", "{EE28193B-B53A-40AC-AB8D-3525BD76FFD7}"
EndProject
Global
	GlobalSection(SolutionConfigurationPlatforms) = preSolution
		Debug|Any CPU = Debug|Any CPU
		Release|Any CPU = Release|Any CPU
	EndGlobalSection
	GlobalSection(ProjectConfigurationPlatforms) = postSolution
		{EE28193B-B53A-40AC-AB8D-3525BD76FFD7}.Debug|Any CPU.ActiveCfg = Debug|Any CPU
		{EE28193B-B53A-40AC-AB8D-3525BD76FFD7}.Debug|Any CPU.Build.0 = Debug|Any CPU
		{EE28193B-B53A-40AC-AB8D-3525BD76FFD7}.Release|Any CPU.ActiveCfg = Release|Any CPU
		{EE28193B-B53A-40AC-AB8D-3525BD76FFD7}.Release|Any CPU.Build.0 = Release|Any CPU
	EndGlobalSection
	GlobalSection(SolutionProperties) = preSolution
		HideSolutionNode = FALSE
	EndGlobalSection
	GlobalSection(ExtensibilityGlobals) = postSolution
		SolutionGuid = {0D97EE56-BD37-48EE-AA50-E893846CF2FA}
	EndGlobalSection
EndGlobal
